
Microsoft Visual Studio Solution File, Format Version 12.00
# Visual Studio Version 16
VisualStudioVersion = 16.0.29424.173
MinimumVisualStudioVersion = 10.0.40219.1
Project("{FAE04EC0-301F-11D3-BF4B-00C04F79EFBC}") = "TankorBesorolo.NET", "TankorBesorolo.NET.csproj", "{56EFF58B-54EB-42C8-93C5-70DBA97374F5}"
EndProject
Global
	GlobalSection(SolutionConfigurationPlatforms) = preSolution
		Debug|Any CPU = Debug|Any CPU
		Release|Any CPU = Release|Any CPU
	EndGlobalSection
	GlobalSection(ProjectConfigurationPlatforms) = postSolution
		{56EFF58B-54EB-42C8-93C5-70DBA97374F5}.Debug|Any CPU.ActiveCfg = Debug|Any CPU
		{56EFF58B-54EB-42C8-93C5-70DBA97374F5}.Debug|Any CPU.Build.0 = Debug|Any CPU
		{56EFF58B-54EB-42C8-93C5-70DBA97374F5}.Release|Any CPU.ActiveCfg = Release|Any CPU
		{56EFF58B-54EB-42C8-93C5-70DBA97374F5}.Release|Any CPU.Build.0 = Release|Any CPU
	EndGlobalSection
	GlobalSection(SolutionProperties) = preSolution
		HideSolutionNode = FALSE
	EndGlobalSection
	GlobalSection(ExtensibilityGlobals) = postSolution
		SolutionGuid = {3C7F94D7-A525-4834-AE36-422988055E68}
	EndGlobalSection
EndGlobal
